github.com/caarlos0/env/v6 v6.10.1 h1:t1mPSxNpei6M5yAeu1qtRdPAK29Nbcf/n3G7x+b3/II=
github.com/caarlos0/env/v6 v6.10.1/go.mod h1:hvp/ryKXKipEkcuYjs9mI4bBCg+UI0Yhgm5Zu0ddvwc=
github.com/chai2010/webp v1.1.1 h1:jTRmEccAJ4MGrhFOrPMpNGIJ/eybIgwKpcACsrTEapk=
github.com/chai2010/webp v1.1.1/go.mod h1:0XVwvZWdjjdxpUEIf7b9g9VkHFnInUSYujwqTLEuldU=
github.com/google/uuid v1.6.0 h1:NIvaJDMOsjHA8n1jAhLSgzrAzy1Hgr+hNrb57e+94F0=
github.com/google/uuid v1.6.0/go.mod h1:TIyPZe4MgqvfeYDBFedMoGGpEw/LqOeaOT+nhxU+yHo=
golang.org/x/image v0.23.0 h1:HseQ7c2OpPKTPVzNjG5fwJsOTCiiwS4QdsYi5XU6H68=
golang.org/x/image v0.23.0/go.mod h1:wJJBTdLfCCf3tiHa1fNxpZmUI4mmoZvwMCPP0ddoNKY=
golang.org/x/time v0.8.0 h1:9i3RxcPv3PZnitoVGMPDKZSq1xW1gK1Xy3ArNOGZfEg=
golang.org/x/time v0.8.0/go.mod h1:3BpzKBy/shNhVucY/MWOyx10tF3SFh9QdLuxbVysPQM=
